
Microsoft Visual Studio Solution File, Format Version 12.00
# Visual Studio Version 16
VisualStudioVersion = 16.0.30406.217
MinimumVisualStudioVersion = 10.0.40219.1
Project("{9A19103F-16F7-4668-BE54-9A1E7A4F7556}") = "TimeSeriesChart.API", "TimeSeriesChart.API\TimeSeriesChart.API.csproj", "{74F95F86-FCF2-4515-9B8F-E85269FEAE4B}"
EndProject
Global
	GlobalSection(SolutionConfigurationPlatforms) = preSolution
		Debug|Any CPU = Debug|Any CPU
		Release|Any CPU = Release|Any CPU
	EndGlobalSection
	GlobalSection(ProjectConfigurationPlatforms) = postSolution
		{74F95F86-FCF2-4515-9B8F-E85269FEAE4B}.Debug|Any CPU.ActiveCfg = Debug|Any CPU
		{74F95F86-FCF2-4515-9B8F-E85269FEAE4B}.Debug|Any CPU.Build.0 = Debug|Any CPU
		{74F95F86-FCF2-4515-9B8F-E85269FEAE4B}.Release|Any CPU.ActiveCfg = Release|Any CPU
		{74F95F86-FCF2-4515-9B8F-E85269FEAE4B}.Release|Any CPU.Build.0 = Release|Any CPU
	EndGlobalSection
	GlobalSection(SolutionProperties) = preSolution
		HideSolutionNode = FALSE
	EndGlobalSection
	GlobalSection(ExtensibilityGlobals) = postSolution
		SolutionGuid = {B5948811-0F2F-4DC9-B25D-D8700721799D}
	EndGlobalSection
EndGlobal
